
Microsoft Visual Studio Solution File, Format Version 10.00
# Visual Studio 2008
Project("{FAE04EC0-301F-11D3-BF4B-00C04F79EFBC}") = "CPU6502.VStudio", "..\common\fishbulbcore\CPU6502.VStudio.csproj", "{797342A9-BA71-426D-B02C-55608AFACEA9}"
EndProject
Project("{FAE04EC0-301F-11D3-BF4B-00C04F79EFBC}") = "fishbulbcommonui.VStudio", "..\common\fishbulbcommonui\fishbulbcommonui.VStudio.csproj", "{8A57420A-FBF0-4CCA-ADEC-384F65AAEF7C}"
EndProject
Project("{FAE04EC0-301F-11D3-BF4B-00C04F79EFBC}") = "InstiBulb", "InstiBulb\InstiBulb.csproj", "{E63A88C2-06B3-45E2-87F3-1B867B51BFD0}"
EndProject
Project("{FAE04EC0-301F-11D3-BF4B-00C04F79EFBC}") = "winbulb", "winbulb\winbulb.csproj", "{F286D38C-EC0C-4968-AC82-E3ED516A1A48}"
EndProject
Project("{FAE04EC0-301F-11D3-BF4B-00C04F79EFBC}") = "SlimDXBindings", "SlimDXBindings\SlimDXBindings.csproj", "{8ACDBECE-4418-4454-A0FB-273064F465A1}"
EndProject
Project("{FAE04EC0-301F-11D3-BF4B-00C04F79EFBC}") = "TaoBindings", "OpenALWavStreamer\TaoBindings.csproj", "{01F6C08A-3AE5-4A6A-820A-8E581FC9503B}"
EndProject
Project("{FAE04EC0-301F-11D3-BF4B-00C04F79EFBC}") = "3DTools", "..\..\3DTools-1.01-src\3DTools-1.01-src\3DTools\3DTools.csproj", "{5F603892-DE40-4246-A969-1C6717AFE35D}"
EndProject
Global
	GlobalSection(SolutionConfigurationPlatforms) = preSolution
		Debug|Any CPU = Debug|Any CPU
		Debug|x64 = Debug|x64
		Debug|x86 = Debug|x86
		Release|Any CPU = Release|Any CPU
		Release|x64 = Release|x64
		Release|x86 = Release|x86
	EndGlobalSection
	GlobalSection(ProjectConfigurationPlatforms) = postSolution
		{797342A9-BA71-426D-B02C-55608AFACEA9}.Debug|Any CPU.ActiveCfg = Debug|Any CPU
		{797342A9-BA71-426D-B02C-55608AFACEA9}.Debug|Any CPU.Build.0 = Debug|Any CPU
		{797342A9-BA71-426D-B02C-55608AFACEA9}.Debug|x64.ActiveCfg = Debug|x64
		{797342A9-BA71-426D-B02C-55608AFACEA9}.Debug|x64.Build.0 = Debug|x64
		{797342A9-BA71-426D-B02C-55608AFACEA9}.Debug|x86.ActiveCfg = Debug|x86
		{797342A9-BA71-426D-B02C-55608AFACEA9}.Debug|x86.Build.0 = Debug|x86
		{797342A9-BA71-426D-B02C-55608AFACEA9}.Release|Any CPU.ActiveCfg = Release|Any CPU
		{797342A9-BA71-426D-B02C-55608AFACEA9}.Release|Any CPU.Build.0 = Release|Any CPU
		{797342A9-BA71-426D-B02C-55608AFACEA9}.Release|x64.ActiveCfg = Release|x64
		{797342A9-BA71-426D-B02C-55608AFACEA9}.Release|x64.Build.0 = Release|x64
		{797342A9-BA71-426D-B02C-55608AFACEA9}.Release|x86.ActiveCfg = Release|x86
		{797342A9-BA71-426D-B02C-55608AFACEA9}.Release|x86.Build.0 = Release|x86
		{8A57420A-FBF0-4CCA-ADEC-384F65AAEF7C}.Debug|Any CPU.ActiveCfg = Debug|Any CPU
		{8A57420A-FBF0-4CCA-ADEC-384F65AAEF7C}.Debug|Any CPU.Build.0 = Debug|Any CPU
		{8A57420A-FBF0-4CCA-ADEC-384F65AAEF7C}.Debug|x64.ActiveCfg = Debug|x64
		{8A57420A-FBF0-4CCA-ADEC-384F65AAEF7C}.Debug|x64.Build.0 = Debug|x64
		{8A57420A-FBF0-4CCA-ADEC-384F65AAEF7C}.Debug|x86.ActiveCfg = Debug|x86
		{8A57420A-FBF0-4CCA-ADEC-384F65AAEF7C}.Debug|x86.Build.0 = Debug|x86
		{8A57420A-FBF0-4CCA-ADEC-384F65AAEF7C}.Release|Any CPU.ActiveCfg = Release|Any CPU
		{8A57420A-FBF0-4CCA-ADEC-384F65AAEF7C}.Release|Any CPU.Build.0 = Release|Any CPU
		{8A57420A-FBF0-4CCA-ADEC-384F65AAEF7C}.Release|x64.ActiveCfg = Release|x64
		{8A57420A-FBF0-4CCA-ADEC-384F65AAEF7C}.Release|x64.Build.0 = Release|x64
		{8A57420A-FBF0-4CCA-ADEC-384F65AAEF7C}.Release|x86.ActiveCfg = Release|x86
		{8A57420A-FBF0-4CCA-ADEC-384F65AAEF7C}.Release|x86.Build.0 = Release|x86
		{E63A88C2-06B3-45E2-87F3-1B867B51BFD0}.Debug|Any CPU.ActiveCfg = Debug|Any CPU
		{E63A88C2-06B3-45E2-87F3-1B867B51BFD0}.Debug|Any CPU.Build.0 = Debug|Any CPU
		{E63A88C2-06B3-45E2-87F3-1B867B51BFD0}.Debug|x64.ActiveCfg = Debug|x64
		{E63A88C2-06B3-45E2-87F3-1B867B51BFD0}.Debug|x64.Build.0 = Debug|x64
		{E63A88C2-06B3-45E2-87F3-1B867B51BFD0}.Debug|x86.ActiveCfg = Debug|x86
		{E63A88C2-06B3-45E2-87F3-1B867B51BFD0}.Debug|x86.Build.0 = Debug|x86
		{E63A88C2-06B3-45E2-87F3-1B867B51BFD0}.Release|Any CPU.ActiveCfg = Release|Any CPU
		{E63A88C2-06B3-45E2-87F3-1B867B51BFD0}.Release|Any CPU.Build.0 = Release|Any CPU
		{E63A88C2-06B3-45E2-87F3-1B867B51BFD0}.Release|x64.ActiveCfg = Release|x64
		{E63A88C2-06B3-45E2-87F3-1B867B51BFD0}.Release|x64.Build.0 = Release|x64
		{E63A88C2-06B3-45E2-87F3-1B867B51BFD0}.Release|x86.ActiveCfg = Release|x86
		{E63A88C2-06B3-45E2-87F3-1B867B51BFD0}.Release|x86.Build.0 = Release|x86
		{F286D38C-EC0C-4968-AC82-E3ED516A1A48}.Debug|Any CPU.ActiveCfg = Debug|Any CPU
		{F286D38C-EC0C-4968-AC82-E3ED516A1A48}.Debug|x64.ActiveCfg = Debug|x64
		{F286D38C-EC0C-4968-AC82-E3ED516A1A48}.Debug|x86.ActiveCfg = Debug|x86
		{F286D38C-EC0C-4968-AC82-E3ED516A1A48}.Release|Any CPU.ActiveCfg = Release|Any CPU
		{F286D38C-EC0C-4968-AC82-E3ED516A1A48}.Release|x64.ActiveCfg = Release|x64
		{F286D38C-EC0C-4968-AC82-E3ED516A1A48}.Release|x86.ActiveCfg = Release|x86
		{8ACDBECE-4418-4454-A0FB-273064F465A1}.Debug|Any CPU.ActiveCfg = Debug|Any CPU
		{8ACDBECE-4418-4454-A0FB-273064F465A1}.Debug|Any CPU.Build.0 = Debug|Any CPU
		{8ACDBECE-4418-4454-A0FB-273064F465A1}.Debug|x64.ActiveCfg = Debug|x64
		{8ACDBECE-4418-4454-A0FB-273064F465A1}.Debug|x64.Build.0 = Debug|x64
		{8ACDBECE-4418-4454-A0FB-273064F465A1}.Debug|x86.ActiveCfg = Debug|x86
		{8ACDBECE-4418-4454-A0FB-273064F465A1}.Debug|x86.Build.0 = Debug|x86
		{8ACDBECE-4418-4454-A0FB-273064F465A1}.Release|Any CPU.ActiveCfg = Release|Any CPU
		{8ACDBECE-4418-4454-A0FB-273064F465A1}.Release|Any CPU.Build.0 = Release|Any CPU
		{8ACDBECE-4418-4454-A0FB-273064F465A1}.Release|x64.ActiveCfg = Release|x64
		{8ACDBECE-4418-4454-A0FB-273064F465A1}.Release|x64.Build.0 = Release|x64
		{8ACDBECE-4418-4454-A0FB-273064F465A1}.Release|x86.ActiveCfg = Release|x86
		{8ACDBECE-4418-4454-A0FB-273064F465A1}.Release|x86.Build.0 = Release|x86
		{01F6C08A-3AE5-4A6A-820A-8E581FC9503B}.Debug|Any CPU.ActiveCfg = Debug|Any CPU
		{01F6C08A-3AE5-4A6A-820A-8E581FC9503B}.Debug|Any CPU.Build.0 = Debug|Any CPU
		{01F6C08A-3AE5-4A6A-820A-8E581FC9503B}.Debug|x64.ActiveCfg = Debug|Any CPU
		{01F6C08A-3AE5-4A6A-820A-8E581FC9503B}.Debug|x86.ActiveCfg = Debug|x86
		{01F6C08A-3AE5-4A6A-820A-8E581FC9503B}.Debug|x86.Build.0 = Debug|x86
		{01F6C08A-3AE5-4A6A-820A-8E581FC9503B}.Release|Any CPU.ActiveCfg = Release|Any CPU
		{01F6C08A-3AE5-4A6A-820A-8E581FC9503B}.Release|Any CPU.Build.0 = Release|Any CPU
		{01F6C08A-3AE5-4A6A-820A-8E581FC9503B}.Release|x64.ActiveCfg = Release|Any CPU
		{01F6C08A-3AE5-4A6A-820A-8E581FC9503B}.Release|x86.ActiveCfg = Release|x86
		{01F6C08A-3AE5-4A6A-820A-8E581FC9503B}.Release|x86.Build.0 = Release|x86
		{5F603892-DE40-4246-A969-1C6717AFE35D}.Debug|Any CPU.ActiveCfg = Debug|Any CPU
		{5F603892-DE40-4246-A969-1C6717AFE35D}.Debug|Any CPU.Build.0 = Debug|Any CPU
		{5F603892-DE40-4246-A969-1C6717AFE35D}.Debug|x64.ActiveCfg = Debug|Any CPU
		{5F603892-DE40-4246-A969-1C6717AFE35D}.Debug|x86.ActiveCfg = Debug|x86
		{5F603892-DE40-4246-A969-1C6717AFE35D}.Debug|x86.Build.0 = Debug|x86
		{5F603892-DE40-4246-A969-1C6717AFE35D}.Release|Any CPU.ActiveCfg = Release|Any CPU
		{5F603892-DE40-4246-A969-1C6717AFE35D}.Release|Any CPU.Build.0 = Release|Any CPU
		{5F603892-DE40-4246-A969-1C6717AFE35D}.Release|x64.ActiveCfg = Release|Any CPU
		{5F603892-DE40-4246-A969-1C6717AFE35D}.Release|x86.ActiveCfg = Release|x86
		{5F603892-DE40-4246-A969-1C6717AFE35D}.Release|x86.Build.0 = Release|x86
	EndGlobalSection
	GlobalSection(SolutionProperties) = preSolution
		HideSolutionNode = FALSE
	EndGlobalSection
EndGlobal
